
Microsoft Visual Studio Solution File, Format Version 12.00
# Visual Studio Version 17
VisualStudioVersion = 17.8.34525.116
MinimumVisualStudioVersion = 10.0.40219.1
Project("{FAE04EC0-301F-11D3-BF4B-00C04F79EFBC}") = "RetailFunctions", "RetailFunctions\RetailFunctions.csproj", "{90C595DA-3048-436E-9B12-00F8C5BBDDB7}"
EndProject
Global
	GlobalSection(SolutionConfigurationPlatforms) = preSolution
		Debug|Any CPU = Debug|Any CPU
		Release|Any CPU = Release|Any CPU
	EndGlobalSection
	GlobalSection(ProjectConfigurationPlatforms) = postSolution
		{90C595DA-3048-436E-9B12-00F8C5BBDDB7}.Debug|Any CPU.ActiveCfg = Debug|Any CPU
		{90C595DA-3048-436E-9B12-00F8C5BBDDB7}.Debug|Any CPU.Build.0 = Debug|Any CPU
		{90C595DA-3048-436E-9B12-00F8C5BBDDB7}.Release|Any CPU.ActiveCfg = Release|Any CPU
		{90C595DA-3048-436E-9B12-00F8C5BBDDB7}.Release|Any CPU.Build.0 = Release|Any CPU
	EndGlobalSection
	GlobalSection(SolutionProperties) = preSolution
		HideSolutionNode = FALSE
	EndGlobalSection
	GlobalSection(ExtensibilityGlobals) = postSolution
		SolutionGuid = {C1DE4F6B-B32F-4BB5-ACB7-00402499B2D0}
	EndGlobalSection
EndGlobal
